
Microsoft Visual Studio Solution File, Format Version 12.00
# Visual Studio Version 16
VisualStudioVersion = 16.0.32901.82
MinimumVisualStudioVersion = 10.0.40219.1
Project("{FAE04EC0-301F-11D3-BF4B-00C04F79EFBC}") = "APIENDGAME", "APIENDGAME.csproj", "{3BD451C4-1969-4748-950B-5AB6F6256346}"
EndProject
Global
	GlobalSection(SolutionConfigurationPlatforms) = preSolution
		Debug|Any CPU = Debug|Any CPU
		Release|Any CPU = Release|Any CPU
	EndGlobalSection
	GlobalSection(ProjectConfigurationPlatforms) = postSolution
		{3BD451C4-1969-4748-950B-5AB6F6256346}.Debug|Any CPU.ActiveCfg = Debug|Any CPU
		{3BD451C4-1969-4748-950B-5AB6F6256346}.Debug|Any CPU.Build.0 = Debug|Any CPU
		{3BD451C4-1969-4748-950B-5AB6F6256346}.Release|Any CPU.ActiveCfg = Release|Any CPU
		{3BD451C4-1969-4748-950B-5AB6F6256346}.Release|Any CPU.Build.0 = Release|Any CPU
	EndGlobalSection
	GlobalSection(SolutionProperties) = preSolution
		HideSolutionNode = FALSE
	EndGlobalSection
	GlobalSection(ExtensibilityGlobals) = postSolution
		SolutionGuid = {2126A151-2D97-4682-ADA8-1F50CBA2F935}
	EndGlobalSection
EndGlobal
