
Microsoft Visual Studio Solution File, Format Version 12.00
# Visual Studio Version 16
VisualStudioVersion = 16.0.32802.440
MinimumVisualStudioVersion = 10.0.40219.1
Project("{FAE04EC0-301F-11D3-BF4B-00C04F79EFBC}") = "EF03KHOAHOCAPI", "EF03KHOAHOCAPI.csproj", "{7F49F7C4-0371-4C62-A772-E4D99A0FE766}"
EndProject
Global
	GlobalSection(SolutionConfigurationPlatforms) = preSolution
		Debug|Any CPU = Debug|Any CPU
		Release|Any CPU = Release|Any CPU
	EndGlobalSection
	GlobalSection(ProjectConfigurationPlatforms) = postSolution
		{7F49F7C4-0371-4C62-A772-E4D99A0FE766}.Debug|Any CPU.ActiveCfg = Debug|Any CPU
		{7F49F7C4-0371-4C62-A772-E4D99A0FE766}.Debug|Any CPU.Build.0 = Debug|Any CPU
		{7F49F7C4-0371-4C62-A772-E4D99A0FE766}.Release|Any CPU.ActiveCfg = Release|Any CPU
		{7F49F7C4-0371-4C62-A772-E4D99A0FE766}.Release|Any CPU.Build.0 = Release|Any CPU
	EndGlobalSection
	GlobalSection(SolutionProperties) = preSolution
		HideSolutionNode = FALSE
	EndGlobalSection
	GlobalSection(ExtensibilityGlobals) = postSolution
		SolutionGuid = {8E0A5EF0-6D3F-4A64-B007-2B60CCB1CD05}
	EndGlobalSection
EndGlobal
